{
  "nodes": {
    "agenix": {
      "inputs": {
        "nixpkgs": [
          "nixpkgs"
        ]
      },
      "locked": {
        "lastModified": 1664140963,
        "narHash": "sha256-pFxDtOLduRFlol0Y4ShE+soRQX4kbhaCNBtDOvx7ykw=",
        "owner": "ryantm",
        "repo": "agenix",
        "rev": "6acb1fe5f8597d5ce63fc82bc7fcac7774b1cdf0",
        "type": "github"
      },
      "original": {
        "owner": "ryantm",
        "repo": "agenix",
        "type": "github"
      }
    },
    "bitwarden": {
      "flake": false,
      "locked": {
        "lastModified": 1657905291,
        "narHash": "sha256-svBwmKslNsvAeV0mB7iGAhXZ3hqy6vY27JTIMCC4tN0=",
        "owner": "seanfarley",
        "repo": "emacs-bitwarden",
        "rev": "02d6410003a42e7fbeb4aa109aba949eea553706",
        "type": "github"
      },
      "original": {
        "owner": "seanfarley",
        "repo": "emacs-bitwarden",
        "type": "github"
      }
    },
    "eglot-x": {
      "flake": false,
      "locked": {
        "lastModified": 1661889480,
        "narHash": "sha256-oB0/x1OSDJNTHEr75nx7opMpORZmiHB/6wijQEK4oZc=",
        "owner": "nemethf",
        "repo": "eglot-x",
        "rev": "dba0000be43badf77c09047d9f325b96e71e3061",
        "type": "github"
      },
      "original": {
        "owner": "nemethf",
        "repo": "eglot-x",
        "type": "github"
      }
    },
    "emacs-overlay": {
      "inputs": {
        "flake-utils": [
          "emacsVlaci",
          "flake-utils"
        ],
        "nixpkgs": [
          "emacsVlaci",
          "nixpkgs"
        ]
      },
      "locked": {
        "lastModified": 1664360378,
        "narHash": "sha256-s+xni75uubbs7nc+X9zb8viBQcv/WgrO4Y/xZt5Zopo=",
        "owner": "nix-community",
        "repo": "emacs-overlay",
        "rev": "74d82923d5575583e4a12bded5b05685b4d94bf1",
        "type": "github"
      },
      "original": {
        "owner": "nix-community",
        "repo": "emacs-overlay",
        "type": "github"
      }
    },
    "emacsVlaci": {
      "inputs": {
        "bitwarden": "bitwarden",
        "eglot-x": "eglot-x",
        "emacs-overlay": "emacs-overlay",
        "explain-pause-mode": "explain-pause-mode",
        "flake-utils": "flake-utils",
        "fromElisp": "fromElisp",
        "ligature": "ligature",
        "nixpkgs": [
          "nixpkgs"
        ]
      },
      "locked": {
        "lastModified": 1664375308,
        "narHash": "sha256-f0Nth1A0pTaPVNb3yPakvEB6GW7UuYhEy8DlzJ0MsKc=",
        "owner": "vlaci",
        "repo": "emacs.d",
        "rev": "e7ce130694500525e34e712886f763369f03d05f",
        "type": "github"
      },
      "original": {
        "owner": "vlaci",
        "repo": "emacs.d",
        "type": "github"
      }
    },
    "explain-pause-mode": {
      "flake": false,
      "locked": {
        "lastModified": 1595842060,
        "narHash": "sha256-++znrjiDSx+cy4okFBBXUBkRFdtnE2x+trkmqjB3Njs=",
        "owner": "lastquestion",
        "repo": "explain-pause-mode",
        "rev": "2356c8c3639cbeeb9751744dbe737267849b4b51",
        "type": "github"
      },
      "original": {
        "owner": "lastquestion",
        "repo": "explain-pause-mode",
        "type": "github"
      }
    },
    "flake-utils": {
      "locked": {
        "lastModified": 1659877975,
        "narHash": "sha256-zllb8aq3YO3h8B/U0/J1WBgAL8EX5yWf5pMj3G0NAmc=",
        "owner": "numtide",
        "repo": "flake-utils",
        "rev": "c0e246b9b83f637f4681389ecabcb2681b4f3af0",
        "type": "github"
      },
      "original": {
        "owner": "numtide",
        "repo": "flake-utils",
        "type": "github"
      }
    },
    "flake-utils_2": {
      "locked": {
        "lastModified": 1659877975,
        "narHash": "sha256-zllb8aq3YO3h8B/U0/J1WBgAL8EX5yWf5pMj3G0NAmc=",
        "owner": "numtide",
        "repo": "flake-utils",
        "rev": "c0e246b9b83f637f4681389ecabcb2681b4f3af0",
        "type": "github"
      },
      "original": {
        "owner": "numtide",
        "repo": "flake-utils",
        "type": "github"
      }
    },
    "fromElisp": {
      "flake": false,
      "locked": {
        "lastModified": 1649625973,
        "narHash": "sha256-y/7IsibjBGY3uUN9K/VMKPTVAbgsV0Xdi8Hnv6Nq76E=",
        "owner": "talyz",
        "repo": "fromElisp",
        "rev": "edd1301d1fc35440ae6c918ca92039233e3d770f",
        "type": "github"
      },
      "original": {
        "owner": "talyz",
        "repo": "fromElisp",
        "type": "github"
      }
    },
    "git-agecrypt": {
      "inputs": {
        "flake-utils": [
          "flake-utils"
        ],
        "nixpkgs": [
          "nixpkgs"
        ]
      },
      "locked": {
        "lastModified": 1656853085,
        "narHash": "sha256-yJFztCnjtJjaaEm8se9uHQ0/K2RfjbQEuI1r1pKgNz8=",
        "owner": "vlaci",
        "repo": "git-agecrypt",
        "rev": "6f62c6639dab57eaf9cb872b104763e7d2ad8a39",
        "type": "github"
      },
      "original": {
        "owner": "vlaci",
        "repo": "git-agecrypt",
        "type": "github"
      }
    },
    "home-manager": {
      "inputs": {
        "nixpkgs": [
          "nixpkgs"
        ],
        "utils": "utils"
      },
      "locked": {
        "lastModified": 1664449551,
        "narHash": "sha256-iTStJtZB1+MppkT+95Ckqy2NDaISb+QcUkOAa0DS0io=",
        "owner": "nix-community",
        "repo": "home-manager",
        "rev": "864ff685fe6443101a0a8f3950d21bcb4330e56a",
        "type": "github"
      },
      "original": {
        "owner": "nix-community",
        "repo": "home-manager",
        "type": "github"
      }
    },
    "hyprland": {
      "inputs": {
        "nixpkgs": [
          "nixpkgs"
        ],
        "wlroots": "wlroots"
      },
      "locked": {
        "lastModified": 1664477193,
        "narHash": "sha256-W8pe+3wrAUjtexyd6ve4qZGLOWzfqqXKyieY3Q3ntsY=",
        "owner": "hyprwm",
        "repo": "Hyprland",
        "rev": "da40bf823f2f307e439f4bd85c405d9e612c2df5",
        "type": "github"
      },
      "original": {
        "owner": "hyprwm",
        "repo": "Hyprland",
        "type": "github"
      }
    },
    "ligature": {
      "flake": false,
      "locked": {
        "lastModified": 1660566262,
        "narHash": "sha256-o6iL4mwTzfD7JOlWP4Mv27+nRGplcseGjam7WIlHZTc=",
        "owner": "mickeynp",
        "repo": "ligature.el",
        "rev": "5eb950ada991705fdda4456970b0321241ee2bfa",
        "type": "github"
      },
      "original": {
        "owner": "mickeynp",
        "repo": "ligature.el",
        "type": "github"
      }
    },
    "nixos-hardware": {
      "locked": {
        "lastModified": 1664452918,
        "narHash": "sha256-SfnQ2t5b9RTSIqO3PQBDlwrWn4l3t0F65sZtCKTl8eA=",
        "owner": "NixOS",
        "repo": "nixos-hardware",
        "rev": "12f905b731494bc59010f05a7467df8abdcf8d63",
        "type": "github"
      },
      "original": {
        "owner": "NixOS",
        "repo": "nixos-hardware",
        "type": "github"
      }
    },
    "nixpkgs": {
      "locked": {
        "lastModified": 1664408393,
        "narHash": "sha256-32FyYVErF/MthenrFGj/PLpexNuO058UQRzg1e9Gbas=",
        "owner": "vlaci",
        "repo": "nixpkgs",
        "rev": "67ab5bba90bc5d3cee9ff6fb4b618de287b25fa7",
        "type": "github"
      },
      "original": {
        "owner": "vlaci",
        "repo": "nixpkgs",
        "type": "github"
      }
    },
    "root": {
      "inputs": {
        "agenix": "agenix",
        "emacsVlaci": "emacsVlaci",
        "flake-utils": "flake-utils_2",
        "git-agecrypt": "git-agecrypt",
        "home-manager": "home-manager",
        "hyprland": "hyprland",
        "nixos-hardware": "nixos-hardware",
        "nixpkgs": "nixpkgs"
      }
    },
    "utils": {
      "locked": {
        "lastModified": 1659877975,
        "narHash": "sha256-zllb8aq3YO3h8B/U0/J1WBgAL8EX5yWf5pMj3G0NAmc=",
        "owner": "numtide",
        "repo": "flake-utils",
        "rev": "c0e246b9b83f637f4681389ecabcb2681b4f3af0",
        "type": "github"
      },
      "original": {
        "owner": "numtide",
        "repo": "flake-utils",
        "type": "github"
      }
    },
    "wlroots": {
      "flake": false,
      "locked": {
        "host": "gitlab.freedesktop.org",
        "lastModified": 1663507239,
        "narHash": "sha256-LISZtkPVe8lQ2N8YwVe+KxCkXWLP9mdw6Q2kG93wE8A=",
        "owner": "wlroots",
        "repo": "wlroots",
        "rev": "2ad25b1460400e66ea26bd6489b04072be7d9dbb",
        "type": "gitlab"
      },
      "original": {
        "host": "gitlab.freedesktop.org",
        "owner": "wlroots",
        "repo": "wlroots",
        "type": "gitlab"
      }
    }
  },
  "root": "root",
  "version": 7
}
