{
  "nodes": {
    "agenix": {
      "inputs": {
        "darwin": "darwin",
        "nixpkgs": [
          "nixpkgs"
        ]
      },
      "locked": {
        "lastModified": 1677453742,
        "narHash": "sha256-/DNOThcCGz21Met/aMhm7NGqughtpxQzrlAqTuq+YZQ=",
        "owner": "ryantm",
        "repo": "agenix",
        "rev": "4828951d9d05accd244bf8c24706f046b485aceb",
        "type": "github"
      },
      "original": {
        "owner": "ryantm",
        "repo": "agenix",
        "type": "github"
      }
    },
    "bitwarden": {
      "flake": false,
      "locked": {
        "lastModified": 1677010053,
        "narHash": "sha256-5HV/e91y8/BHXFSMV34gug7lAxX4WOPZqdQTui+LKBI=",
        "owner": "seanfarley",
        "repo": "emacs-bitwarden",
        "rev": "f7ff63928fe16c8854b520ef1afbc54dcee94aee",
        "type": "github"
      },
      "original": {
        "owner": "seanfarley",
        "repo": "emacs-bitwarden",
        "type": "github"
      }
    },
    "combobulate": {
      "flake": false,
      "locked": {
        "lastModified": 1677363868,
        "narHash": "sha256-0Zvp3azbfZuNAin0j2MPyPAaiJ6qa8Pv6T1JialqMx0=",
        "owner": "mickeynp",
        "repo": "combobulate",
        "rev": "06db63fa4eda00d7ef2ccba21c507b9dc1e21ef0",
        "type": "github"
      },
      "original": {
        "owner": "mickeynp",
        "repo": "combobulate",
        "type": "github"
      }
    },
    "darwin": {
      "inputs": {
        "nixpkgs": [
          "agenix",
          "nixpkgs"
        ]
      },
      "locked": {
        "lastModified": 1673295039,
        "narHash": "sha256-AsdYgE8/GPwcelGgrntlijMg4t3hLFJFCRF3tL5WVjA=",
        "owner": "lnl7",
        "repo": "nix-darwin",
        "rev": "87b9d090ad39b25b2400029c64825fc2a8868943",
        "type": "github"
      },
      "original": {
        "owner": "lnl7",
        "ref": "master",
        "repo": "nix-darwin",
        "type": "github"
      }
    },
    "eglot-x": {
      "flake": false,
      "locked": {
        "lastModified": 1673381365,
        "narHash": "sha256-cWicqHYR/XU+71a8OFgF8vc6dmT/Fy0EEgzX0xvYiDc=",
        "owner": "nemethf",
        "repo": "eglot-x",
        "rev": "08cbd4369618e60576c95c194e63403f080328ba",
        "type": "github"
      },
      "original": {
        "owner": "nemethf",
        "repo": "eglot-x",
        "type": "github"
      }
    },
    "emacs-overlay": {
      "inputs": {
        "flake-utils": [
          "emacsVlaci",
          "flake-utils"
        ],
        "nixpkgs": [
          "emacsVlaci",
          "nixpkgs"
        ]
      },
      "locked": {
        "lastModified": 1677579129,
        "narHash": "sha256-6P3v5gaNZM+bErK3OzhyYBwnjf6RBrSbslGcM0wenOs=",
        "owner": "nix-community",
        "repo": "emacs-overlay",
        "rev": "16481a0121af8d3024c4cdd74fc40ff521392479",
        "type": "github"
      },
      "original": {
        "owner": "nix-community",
        "repo": "emacs-overlay",
        "type": "github"
      }
    },
    "emacsVlaci": {
      "inputs": {
        "bitwarden": "bitwarden",
        "combobulate": "combobulate",
        "eglot-x": "eglot-x",
        "emacs-overlay": "emacs-overlay",
        "explain-pause-mode": "explain-pause-mode",
        "flake-utils": "flake-utils",
        "fromElisp": "fromElisp",
        "ligature": "ligature",
        "nixpkgs": [
          "nixpkgs"
        ]
      },
      "locked": {
        "lastModified": 1677596114,
        "narHash": "sha256-1CIdNMg/CmnbFhnJkk5giCiIAwQiPa5xt5k0tZW+c0k=",
        "owner": "vlaci",
        "repo": "emacs.d",
        "rev": "1fdce0c8c5d3cd11d7fc4bdf7e041a5bb2b02467",
        "type": "github"
      },
      "original": {
        "owner": "vlaci",
        "repo": "emacs.d",
        "type": "github"
      }
    },
    "explain-pause-mode": {
      "flake": false,
      "locked": {
        "lastModified": 1595842060,
        "narHash": "sha256-++znrjiDSx+cy4okFBBXUBkRFdtnE2x+trkmqjB3Njs=",
        "owner": "lastquestion",
        "repo": "explain-pause-mode",
        "rev": "2356c8c3639cbeeb9751744dbe737267849b4b51",
        "type": "github"
      },
      "original": {
        "owner": "lastquestion",
        "repo": "explain-pause-mode",
        "type": "github"
      }
    },
    "flake-utils": {
      "locked": {
        "lastModified": 1676283394,
        "narHash": "sha256-XX2f9c3iySLCw54rJ/CZs+ZK6IQy7GXNY4nSOyu2QG4=",
        "owner": "numtide",
        "repo": "flake-utils",
        "rev": "3db36a8b464d0c4532ba1c7dda728f4576d6d073",
        "type": "github"
      },
      "original": {
        "owner": "numtide",
        "repo": "flake-utils",
        "type": "github"
      }
    },
    "flake-utils_2": {
      "locked": {
        "lastModified": 1676283394,
        "narHash": "sha256-XX2f9c3iySLCw54rJ/CZs+ZK6IQy7GXNY4nSOyu2QG4=",
        "owner": "numtide",
        "repo": "flake-utils",
        "rev": "3db36a8b464d0c4532ba1c7dda728f4576d6d073",
        "type": "github"
      },
      "original": {
        "owner": "numtide",
        "repo": "flake-utils",
        "type": "github"
      }
    },
    "fromElisp": {
      "flake": false,
      "locked": {
        "lastModified": 1649625973,
        "narHash": "sha256-y/7IsibjBGY3uUN9K/VMKPTVAbgsV0Xdi8Hnv6Nq76E=",
        "owner": "talyz",
        "repo": "fromElisp",
        "rev": "edd1301d1fc35440ae6c918ca92039233e3d770f",
        "type": "github"
      },
      "original": {
        "owner": "talyz",
        "repo": "fromElisp",
        "type": "github"
      }
    },
    "git-agecrypt": {
      "inputs": {
        "flake-utils": [
          "flake-utils"
        ],
        "nixpkgs": [
          "nixpkgs"
        ]
      },
      "locked": {
        "lastModified": 1674992808,
        "narHash": "sha256-n3UkDvtW1/NJ0i/B03w+aNVv8oneTy0FI4I/8ld1FNs=",
        "owner": "vlaci",
        "repo": "git-agecrypt",
        "rev": "46b10e268cfbd0881c5c6c5d81bf81a5e7ee4784",
        "type": "github"
      },
      "original": {
        "owner": "vlaci",
        "repo": "git-agecrypt",
        "type": "github"
      }
    },
    "home-manager": {
      "inputs": {
        "nixpkgs": [
          "nixpkgs"
        ],
        "utils": "utils"
      },
      "locked": {
        "lastModified": 1677605076,
        "narHash": "sha256-4Mx6hSPVtJqzGI3Zkrq1S2iCkiRHabgHREUgYEWVrvM=",
        "owner": "nix-community",
        "repo": "home-manager",
        "rev": "4bac34186886f8d484791702f32ec371f8c7a81e",
        "type": "github"
      },
      "original": {
        "owner": "nix-community",
        "repo": "home-manager",
        "type": "github"
      }
    },
    "hyprland": {
      "inputs": {
        "hyprland-protocols": "hyprland-protocols",
        "nixpkgs": [
          "nixpkgs"
        ],
        "wlroots": "wlroots",
        "xdph": "xdph"
      },
      "locked": {
        "lastModified": 1677610323,
        "narHash": "sha256-LPr8eQx0IOSvF1K7+hDy11QHUdH6vNExdi+EEsH91p4=",
        "owner": "hyprwm",
        "repo": "Hyprland",
        "rev": "99b7d53817c111fb66063d60f4479ac6e06402e5",
        "type": "github"
      },
      "original": {
        "owner": "hyprwm",
        "repo": "Hyprland",
        "type": "github"
      }
    },
    "hyprland-protocols": {
      "inputs": {
        "nixpkgs": [
          "hyprland",
          "nixpkgs"
        ]
      },
      "locked": {
        "lastModified": 1671839510,
        "narHash": "sha256-+PY1qqJfmZzzROgcIY4I7AkCwpnC+qBIYk2eFoA9RWc=",
        "owner": "hyprwm",
        "repo": "hyprland-protocols",
        "rev": "b8f55e02a328c47ed373133c52483bbfa20a1b75",
        "type": "github"
      },
      "original": {
        "owner": "hyprwm",
        "repo": "hyprland-protocols",
        "type": "github"
      }
    },
    "ligature": {
      "flake": false,
      "locked": {
        "lastModified": 1667477036,
        "narHash": "sha256-jaSu5MUvJyqjfzFlUop4DQ31qVHE1RzdtvAGj24V3eY=",
        "owner": "mickeynp",
        "repo": "ligature.el",
        "rev": "3d1460470736777fd8329e4bb4ac359bf4f1460a",
        "type": "github"
      },
      "original": {
        "owner": "mickeynp",
        "repo": "ligature.el",
        "type": "github"
      }
    },
    "nixos-hardware": {
      "locked": {
        "lastModified": 1677591639,
        "narHash": "sha256-DMlAyge+u3K+JOFLA5YfdjqagdAYJf29YGBWpy5izg4=",
        "owner": "NixOS",
        "repo": "nixos-hardware",
        "rev": "77de4cd09db4dbee9551ed2853cfcf113d7dc5ce",
        "type": "github"
      },
      "original": {
        "owner": "NixOS",
        "repo": "nixos-hardware",
        "type": "github"
      }
    },
    "nixpkgs": {
      "locked": {
        "lastModified": 1677540516,
        "narHash": "sha256-UuxXdeN8NqvkBj8pGzudDnorsaeMKX7FjSZGe9px/tY=",
        "owner": "vlaci",
        "repo": "nixpkgs",
        "rev": "fce96a99dd8293cd339f7d184a08029d4c8845f2",
        "type": "github"
      },
      "original": {
        "owner": "vlaci",
        "repo": "nixpkgs",
        "type": "github"
      }
    },
    "root": {
      "inputs": {
        "agenix": "agenix",
        "emacsVlaci": "emacsVlaci",
        "flake-utils": "flake-utils_2",
        "git-agecrypt": "git-agecrypt",
        "home-manager": "home-manager",
        "hyprland": "hyprland",
        "nixos-hardware": "nixos-hardware",
        "nixpkgs": "nixpkgs"
      }
    },
    "utils": {
      "locked": {
        "lastModified": 1667395993,
        "narHash": "sha256-nuEHfE/LcWyuSWnS8t12N1wc105Qtau+/OdUAjtQ0rA=",
        "owner": "numtide",
        "repo": "flake-utils",
        "rev": "5aed5285a952e0b949eb3ba02c12fa4fcfef535f",
        "type": "github"
      },
      "original": {
        "owner": "numtide",
        "repo": "flake-utils",
        "type": "github"
      }
    },
    "wlroots": {
      "flake": false,
      "locked": {
        "host": "gitlab.freedesktop.org",
        "lastModified": 1675374853,
        "narHash": "sha256-BSrjNcddYWhFUMtjGwxiEXw67MYRaIHGvLn19Mvm1NE=",
        "owner": "wlroots",
        "repo": "wlroots",
        "rev": "677a3f2f8847ed2de49dd60868f9d9487a546f58",
        "type": "gitlab"
      },
      "original": {
        "host": "gitlab.freedesktop.org",
        "owner": "wlroots",
        "repo": "wlroots",
        "type": "gitlab"
      }
    },
    "xdph": {
      "inputs": {
        "hyprland-protocols": [
          "hyprland",
          "hyprland-protocols"
        ],
        "nixpkgs": [
          "hyprland",
          "nixpkgs"
        ]
      },
      "locked": {
        "lastModified": 1673116118,
        "narHash": "sha256-eR0yDSkR2XYMesfdRWJs25kAdXET2mbNNHu5t+KUcKA=",
        "owner": "hyprwm",
        "repo": "xdg-desktop-portal-hyprland",
        "rev": "d479c846531fd0e1d2357c9588b8310a2b859ef2",
        "type": "github"
      },
      "original": {
        "owner": "hyprwm",
        "repo": "xdg-desktop-portal-hyprland",
        "type": "github"
      }
    }
  },
  "root": "root",
  "version": 7
}
