{
  "nodes": {
    "agenix": {
      "inputs": {
        "nixpkgs": [
          "nixpkgs"
        ]
      },
      "locked": {
        "lastModified": 1673301561,
        "narHash": "sha256-gRUWHbBAtMuPDJQXotoI8u6+3DGBIUZHkyQWpIv7WpM=",
        "owner": "ryantm",
        "repo": "agenix",
        "rev": "42d371d861a227149dc9a7e03350c9ab8b8ddd68",
        "type": "github"
      },
      "original": {
        "owner": "ryantm",
        "repo": "agenix",
        "type": "github"
      }
    },
    "bitwarden": {
      "flake": false,
      "locked": {
        "lastModified": 1657905291,
        "narHash": "sha256-svBwmKslNsvAeV0mB7iGAhXZ3hqy6vY27JTIMCC4tN0=",
        "owner": "seanfarley",
        "repo": "emacs-bitwarden",
        "rev": "02d6410003a42e7fbeb4aa109aba949eea553706",
        "type": "github"
      },
      "original": {
        "owner": "seanfarley",
        "repo": "emacs-bitwarden",
        "type": "github"
      }
    },
    "eglot-x": {
      "flake": false,
      "locked": {
        "lastModified": 1673381365,
        "narHash": "sha256-cWicqHYR/XU+71a8OFgF8vc6dmT/Fy0EEgzX0xvYiDc=",
        "owner": "nemethf",
        "repo": "eglot-x",
        "rev": "08cbd4369618e60576c95c194e63403f080328ba",
        "type": "github"
      },
      "original": {
        "owner": "nemethf",
        "repo": "eglot-x",
        "type": "github"
      }
    },
    "emacs-overlay": {
      "inputs": {
        "flake-utils": [
          "emacsVlaci",
          "flake-utils"
        ],
        "nixpkgs": [
          "emacsVlaci",
          "nixpkgs"
        ]
      },
      "locked": {
        "lastModified": 1674986945,
        "narHash": "sha256-W94RR4mNk4GT5oWecO5RC5Pc78+pUNMHrkSwDHU+sPg=",
        "owner": "nix-community",
        "repo": "emacs-overlay",
        "rev": "d23a3449c8f26fb264402d3f7fb3fc7064b70e07",
        "type": "github"
      },
      "original": {
        "owner": "nix-community",
        "repo": "emacs-overlay",
        "type": "github"
      }
    },
    "emacsVlaci": {
      "inputs": {
        "bitwarden": "bitwarden",
        "eglot-x": "eglot-x",
        "emacs-overlay": "emacs-overlay",
        "explain-pause-mode": "explain-pause-mode",
        "flake-utils": "flake-utils",
        "fromElisp": "fromElisp",
        "grammatical-edit": "grammatical-edit",
        "ligature": "ligature",
        "nixpkgs": [
          "nixpkgs"
        ]
      },
      "locked": {
        "lastModified": 1674987678,
        "narHash": "sha256-3+BwAN/KEcXKe5L+EFAJ9+K6pHXLvS6p/8czCYgRaHA=",
        "owner": "vlaci",
        "repo": "emacs.d",
        "rev": "0f8e8577c66c5eca787087c7440affe56e3b1165",
        "type": "github"
      },
      "original": {
        "owner": "vlaci",
        "repo": "emacs.d",
        "type": "github"
      }
    },
    "explain-pause-mode": {
      "flake": false,
      "locked": {
        "lastModified": 1595842060,
        "narHash": "sha256-++znrjiDSx+cy4okFBBXUBkRFdtnE2x+trkmqjB3Njs=",
        "owner": "lastquestion",
        "repo": "explain-pause-mode",
        "rev": "2356c8c3639cbeeb9751744dbe737267849b4b51",
        "type": "github"
      },
      "original": {
        "owner": "lastquestion",
        "repo": "explain-pause-mode",
        "type": "github"
      }
    },
    "flake-utils": {
      "locked": {
        "lastModified": 1667395993,
        "narHash": "sha256-nuEHfE/LcWyuSWnS8t12N1wc105Qtau+/OdUAjtQ0rA=",
        "owner": "numtide",
        "repo": "flake-utils",
        "rev": "5aed5285a952e0b949eb3ba02c12fa4fcfef535f",
        "type": "github"
      },
      "original": {
        "owner": "numtide",
        "repo": "flake-utils",
        "type": "github"
      }
    },
    "flake-utils_2": {
      "locked": {
        "lastModified": 1667395993,
        "narHash": "sha256-nuEHfE/LcWyuSWnS8t12N1wc105Qtau+/OdUAjtQ0rA=",
        "owner": "numtide",
        "repo": "flake-utils",
        "rev": "5aed5285a952e0b949eb3ba02c12fa4fcfef535f",
        "type": "github"
      },
      "original": {
        "owner": "numtide",
        "repo": "flake-utils",
        "type": "github"
      }
    },
    "fromElisp": {
      "flake": false,
      "locked": {
        "lastModified": 1649625973,
        "narHash": "sha256-y/7IsibjBGY3uUN9K/VMKPTVAbgsV0Xdi8Hnv6Nq76E=",
        "owner": "talyz",
        "repo": "fromElisp",
        "rev": "edd1301d1fc35440ae6c918ca92039233e3d770f",
        "type": "github"
      },
      "original": {
        "owner": "talyz",
        "repo": "fromElisp",
        "type": "github"
      }
    },
    "git-agecrypt": {
      "inputs": {
        "flake-utils": [
          "flake-utils"
        ],
        "nixpkgs": [
          "nixpkgs"
        ]
      },
      "locked": {
        "lastModified": 1674992808,
        "narHash": "sha256-n3UkDvtW1/NJ0i/B03w+aNVv8oneTy0FI4I/8ld1FNs=",
        "owner": "vlaci",
        "repo": "git-agecrypt",
        "rev": "46b10e268cfbd0881c5c6c5d81bf81a5e7ee4784",
        "type": "github"
      },
      "original": {
        "owner": "vlaci",
        "repo": "git-agecrypt",
        "type": "github"
      }
    },
    "grammatical-edit": {
      "flake": false,
      "locked": {
        "lastModified": 1668174771,
        "narHash": "sha256-IUVDKFqQ86X+CgIcfDr7KJA+Ko6SFWBNj/UnRohQIis=",
        "owner": "manateelazycat",
        "repo": "grammatical-edit",
        "rev": "56eaf28f79679a91fbf4d61452003340479b3d35",
        "type": "github"
      },
      "original": {
        "owner": "manateelazycat",
        "repo": "grammatical-edit",
        "type": "github"
      }
    },
    "home-manager": {
      "inputs": {
        "nixpkgs": [
          "nixpkgs"
        ],
        "utils": "utils"
      },
      "locked": {
        "lastModified": 1674928308,
        "narHash": "sha256-elVU4NUZEl11BdT4gC+lrpLYM8Ccxqxs19Ix84HTI9o=",
        "owner": "nix-community",
        "repo": "home-manager",
        "rev": "08a778d80308353f4f65c9dcd3790b5da02d6306",
        "type": "github"
      },
      "original": {
        "owner": "nix-community",
        "repo": "home-manager",
        "type": "github"
      }
    },
    "hyprland": {
      "inputs": {
        "hyprland-protocols": "hyprland-protocols",
        "nixpkgs": [
          "nixpkgs"
        ],
        "wlroots": "wlroots",
        "xdph": "xdph"
      },
      "locked": {
        "lastModified": 1674930518,
        "narHash": "sha256-EVusv/SJYQHOY/6VmxXC2IFSFtQhrIk6/b0ugd6lxDk=",
        "owner": "hyprwm",
        "repo": "Hyprland",
        "rev": "ce632b7a05a27d121c9544607ccd873adee8bd42",
        "type": "github"
      },
      "original": {
        "owner": "hyprwm",
        "repo": "Hyprland",
        "type": "github"
      }
    },
    "hyprland-protocols": {
      "inputs": {
        "nixpkgs": [
          "hyprland",
          "nixpkgs"
        ]
      },
      "locked": {
        "lastModified": 1671839510,
        "narHash": "sha256-+PY1qqJfmZzzROgcIY4I7AkCwpnC+qBIYk2eFoA9RWc=",
        "owner": "hyprwm",
        "repo": "hyprland-protocols",
        "rev": "b8f55e02a328c47ed373133c52483bbfa20a1b75",
        "type": "github"
      },
      "original": {
        "owner": "hyprwm",
        "repo": "hyprland-protocols",
        "type": "github"
      }
    },
    "ligature": {
      "flake": false,
      "locked": {
        "lastModified": 1667477036,
        "narHash": "sha256-jaSu5MUvJyqjfzFlUop4DQ31qVHE1RzdtvAGj24V3eY=",
        "owner": "mickeynp",
        "repo": "ligature.el",
        "rev": "3d1460470736777fd8329e4bb4ac359bf4f1460a",
        "type": "github"
      },
      "original": {
        "owner": "mickeynp",
        "repo": "ligature.el",
        "type": "github"
      }
    },
    "nixos-hardware": {
      "locked": {
        "lastModified": 1674550793,
        "narHash": "sha256-ljJlIFQZwtBbzWqWTmmw2O5BFmQf1A/DspwMOQtGXHk=",
        "owner": "NixOS",
        "repo": "nixos-hardware",
        "rev": "b7ac0a56029e4f9e6743b9993037a5aaafd57103",
        "type": "github"
      },
      "original": {
        "owner": "NixOS",
        "repo": "nixos-hardware",
        "type": "github"
      }
    },
    "nixpkgs": {
      "locked": {
        "lastModified": 1674983441,
        "narHash": "sha256-/uKHIprCMpfqoxGz40heVe6q6huIP5dxcGBacUEt5Rs=",
        "owner": "vlaci",
        "repo": "nixpkgs",
        "rev": "018eefef46ec559eb747b76da214aa56270e1154",
        "type": "github"
      },
      "original": {
        "owner": "vlaci",
        "repo": "nixpkgs",
        "type": "github"
      }
    },
    "root": {
      "inputs": {
        "agenix": "agenix",
        "emacsVlaci": "emacsVlaci",
        "flake-utils": "flake-utils_2",
        "git-agecrypt": "git-agecrypt",
        "home-manager": "home-manager",
        "hyprland": "hyprland",
        "nixos-hardware": "nixos-hardware",
        "nixpkgs": "nixpkgs"
      }
    },
    "utils": {
      "locked": {
        "lastModified": 1667395993,
        "narHash": "sha256-nuEHfE/LcWyuSWnS8t12N1wc105Qtau+/OdUAjtQ0rA=",
        "owner": "numtide",
        "repo": "flake-utils",
        "rev": "5aed5285a952e0b949eb3ba02c12fa4fcfef535f",
        "type": "github"
      },
      "original": {
        "owner": "numtide",
        "repo": "flake-utils",
        "type": "github"
      }
    },
    "wlroots": {
      "flake": false,
      "locked": {
        "host": "gitlab.freedesktop.org",
        "lastModified": 1672824257,
        "narHash": "sha256-SbYoZj57VlopTzI+OSW9jlgYxN1gI1KLg/s/HV+87eE=",
        "owner": "wlroots",
        "repo": "wlroots",
        "rev": "5f264a7d6c8af27d41ff440c05262b022c055593",
        "type": "gitlab"
      },
      "original": {
        "host": "gitlab.freedesktop.org",
        "owner": "wlroots",
        "repo": "wlroots",
        "type": "gitlab"
      }
    },
    "xdph": {
      "inputs": {
        "hyprland-protocols": [
          "hyprland",
          "hyprland-protocols"
        ],
        "nixpkgs": [
          "hyprland",
          "nixpkgs"
        ]
      },
      "locked": {
        "lastModified": 1673116118,
        "narHash": "sha256-eR0yDSkR2XYMesfdRWJs25kAdXET2mbNNHu5t+KUcKA=",
        "owner": "hyprwm",
        "repo": "xdg-desktop-portal-hyprland",
        "rev": "d479c846531fd0e1d2357c9588b8310a2b859ef2",
        "type": "github"
      },
      "original": {
        "owner": "hyprwm",
        "repo": "xdg-desktop-portal-hyprland",
        "type": "github"
      }
    }
  },
  "root": "root",
  "version": 7
}
