{
  "nodes": {
    "age-plugin-yubikey": {
      "flake": false,
      "locked": {
        "lastModified": 1629473446,
        "narHash": "sha256-VaDnaV3sVAIPaPiFToJHvgXDN54MN+f24tHARVZ2liQ=",
        "owner": "str4d",
        "repo": "age-plugin-yubikey",
        "rev": "6042d5266f94b56d5b0702fe5fae4bbbd631613d",
        "type": "github"
      },
      "original": {
        "owner": "str4d",
        "repo": "age-plugin-yubikey",
        "type": "github"
      }
    },
    "awesome-awpwkb": {
      "flake": false,
      "locked": {
        "lastModified": 1487842173,
        "narHash": "sha256-skzzN3JCox8U+eG4NEvcavWvZhX+XFzW811O3+jpcIU=",
        "owner": "vladimir-g",
        "repo": "awpwkb",
        "rev": "42ce6e5fc89b5333cd45e7c06cf32f8ef35c03a5",
        "type": "github"
      },
      "original": {
        "owner": "vladimir-g",
        "repo": "awpwkb",
        "rev": "42ce6e5fc89b5333cd45e7c06cf32f8ef35c03a5",
        "type": "github"
      }
    },
    "awesome-lain": {
      "flake": false,
      "locked": {
        "lastModified": 1590258280,
        "narHash": "sha256-Bnxt3O/qcuSfa+eAfIdcYRClv5yXbb/Tw5Cj13eoLJc=",
        "owner": "lcpz",
        "repo": "lain",
        "rev": "e0bffc00566fbc0c05dc01700c569a589a6900eb",
        "type": "github"
      },
      "original": {
        "owner": "lcpz",
        "repo": "lain",
        "rev": "e0bffc00566fbc0c05dc01700c569a589a6900eb",
        "type": "github"
      }
    },
    "awesome-sharedtags": {
      "flake": false,
      "locked": {
        "lastModified": 1546887126,
        "narHash": "sha256-M9MqKxWC4xxYUfNEaKVJ3/GCNUxz7SPRG/GzWaXYRks=",
        "owner": "Drauthius",
        "repo": "awesome-sharedtags",
        "rev": "32d878d0d12bcfd900f2c6a7516a1370e6ebb7d6",
        "type": "github"
      },
      "original": {
        "owner": "Drauthius",
        "repo": "awesome-sharedtags",
        "rev": "32d878d0d12bcfd900f2c6a7516a1370e6ebb7d6",
        "type": "github"
      }
    },
    "hexdiff": {
      "flake": false,
      "locked": {
        "lastModified": 1516792470,
        "narHash": "sha256-G6Qi7e4o+0ahcslJ8UfJrdoc8NNkY+nl6kyDlkJCo9I=",
        "owner": "ahroach",
        "repo": "hexdiff",
        "rev": "3e96f27e65167c619ede35ab04232163dc273e69",
        "type": "github"
      },
      "original": {
        "owner": "ahroach",
        "repo": "hexdiff",
        "type": "github"
      }
    },
    "nix-plugins": {
      "flake": false,
      "locked": {
        "lastModified": 1637925584,
        "narHash": "sha256-Zz8cPHK4w0qimYu6III6XfiKVQIzEMMV9P6ER5fveZY=",
        "owner": "shlevy",
        "repo": "nix-plugins",
        "rev": "61d17261fe852c81c311b9db3e1eea1ba419ef69",
        "type": "github"
      },
      "original": {
        "owner": "shlevy",
        "repo": "nix-plugins",
        "type": "github"
      }
    },
    "nixpkgs": {
      "locked": {
        "lastModified": 1621073999,
        "narHash": "sha256-Cp99YreSFedcWovxNmO8g8qFYltQQJPRLfuot6Z7iGE=",
        "path": "/nix/store/2y8xq739cy0klq7mh92fxziahda70ryd-source",
        "rev": "83d907fd760d9ee4f49b4b7e4b1c6682f137b573",
        "type": "path"
      },
      "original": {
        "id": "nixpkgs",
        "type": "indirect"
      }
    },
    "picom": {
      "flake": false,
      "locked": {
        "lastModified": 1618322328,
        "narHash": "sha256-CaSw80lfxopVNydn9f6lbl28agzvMkDCub8dYRv3Q30=",
        "owner": "yshui",
        "repo": "picom",
        "rev": "7ba87598c177092a775d5e8e4393cb68518edaac",
        "type": "github"
      },
      "original": {
        "owner": "yshui",
        "repo": "picom",
        "type": "github"
      }
    },
    "root": {
      "inputs": {
        "age-plugin-yubikey": "age-plugin-yubikey",
        "awesome-awpwkb": "awesome-awpwkb",
        "awesome-lain": "awesome-lain",
        "awesome-sharedtags": "awesome-sharedtags",
        "hexdiff": "hexdiff",
        "nix-plugins": "nix-plugins",
        "nixpkgs": "nixpkgs",
        "picom": "picom",
        "zsh-alias-tips": "zsh-alias-tips",
        "zsh-calc": "zsh-calc",
        "zsh-fast-syntax-highlighting": "zsh-fast-syntax-highlighting",
        "zsh-git-prompt-useremail": "zsh-git-prompt-useremail"
      }
    },
    "zsh-alias-tips": {
      "flake": false,
      "locked": {
        "lastModified": 1620279818,
        "narHash": "sha256-URI4+TOPwTQomo+3nTmWz3BGIVOTYMhPfAvqKAt9IK8=",
        "owner": "djui",
        "repo": "alias-tips",
        "rev": "45e4e97ba4ec30c7e23296a75427964fc27fb029",
        "type": "github"
      },
      "original": {
        "owner": "djui",
        "repo": "alias-tips",
        "type": "github"
      }
    },
    "zsh-calc": {
      "flake": false,
      "locked": {
        "lastModified": 1616571053,
        "narHash": "sha256-N4FBN7iyyiEyZX/opj63D5acA1Oh0YpFXdz83oIOWPE=",
        "owner": "arzzen",
        "repo": "calc.plugin.zsh",
        "rev": "5b4c85977b693c15eb052cde6b5cef0d6610f567",
        "type": "github"
      },
      "original": {
        "owner": "arzzen",
        "repo": "calc.plugin.zsh",
        "type": "github"
      }
    },
    "zsh-fast-syntax-highlighting": {
      "flake": false,
      "locked": {
        "lastModified": 1621022231,
        "narHash": "sha256-rHdOnA0Y/i/ISDlriGrGDXr5rD2nZ4T7iuG7PFUVIFQ=",
        "owner": "zdharma",
        "repo": "fast-syntax-highlighting",
        "rev": "817916dfa907d179f0d46d8de355e883cf67bd97",
        "type": "github"
      },
      "original": {
        "owner": "zdharma",
        "repo": "fast-syntax-highlighting",
        "type": "github"
      }
    },
    "zsh-git-prompt-useremail": {
      "flake": false,
      "locked": {
        "lastModified": 1492028757,
        "narHash": "sha256-lTyqIs2OqnWVVG/yMC9KYvI2bLL77SuIX9NsmWUepNg=",
        "owner": "mroth",
        "repo": "git-prompt-useremail",
        "rev": "902541b73a23061e6cbeb889e0a7f179a87d047e",
        "type": "github"
      },
      "original": {
        "owner": "mroth",
        "repo": "git-prompt-useremail",
        "type": "github"
      }
    }
  },
  "root": "root",
  "version": 7
}
